
Microsoft Visual Studio Solution File, Format Version 12.00
# Visual Studio Version 17
VisualStudioVersion = 17.1.32421.90
MinimumVisualStudioVersion = 10.0.40219.1
Project("{FAE04EC0-301F-11D3-BF4B-00C04F79EFBC}") = "eCommerce.API", "eCommerce.API\eCommerce.API.csproj", "{CC07C278-9618-4369-83A7-7BB209E4376E}"
EndProject
Global
	GlobalSection(SolutionConfigurationPlatforms) = preSolution
		Debug|Any CPU = Debug|Any CPU
		Release|Any CPU = Release|Any CPU
	EndGlobalSection
	GlobalSection(ProjectConfigurationPlatforms) = postSolution
		{CC07C278-9618-4369-83A7-7BB209E4376E}.Debug|Any CPU.ActiveCfg = Debug|Any CPU
		{CC07C278-9618-4369-83A7-7BB209E4376E}.Debug|Any CPU.Build.0 = Debug|Any CPU
		{CC07C278-9618-4369-83A7-7BB209E4376E}.Release|Any CPU.ActiveCfg = Release|Any CPU
		{CC07C278-9618-4369-83A7-7BB209E4376E}.Release|Any CPU.Build.0 = Release|Any CPU
	EndGlobalSection
	GlobalSection(SolutionProperties) = preSolution
		HideSolutionNode = FALSE
	EndGlobalSection
	GlobalSection(ExtensibilityGlobals) = postSolution
		SolutionGuid = {CB6C5313-DD94-4BC2-8CC6-701530012F13}
	EndGlobalSection
EndGlobal
